
Microsoft Visual Studio Solution File, Format Version 12.00
# Visual Studio 15
Project("{FAE04EC0-301F-11D3-BF4B-00C04F79EFBC}") = "ElizaIsSilly", "ElizaIsSilly.csproj", "{1F7484AE-90E9-4424-900B-68B7338215DA}"
EndProject
Project("{2150E333-8FDC-42A3-9474-1A3956D46DE8}") = "Solution Items", "Solution Items", "{73C0DFB7-B162-4CA2-8CBE-1C417A390CED}"
	ProjectSection(SolutionItems) = preProject
		Doctor.cs = Doctor.cs
	EndProjectSection
EndProject
Global
	GlobalSection(SolutionConfigurationPlatforms) = preSolution
		Debug|Any CPU = Debug|Any CPU
		Release|Any CPU = Release|Any CPU
	EndGlobalSection
	GlobalSection(ProjectConfigurationPlatforms) = postSolution
		{1F7484AE-90E9-4424-900B-68B7338215DA}.Debug|Any CPU.ActiveCfg = Debug|Any CPU
		{1F7484AE-90E9-4424-900B-68B7338215DA}.Debug|Any CPU.Build.0 = Debug|Any CPU
		{1F7484AE-90E9-4424-900B-68B7338215DA}.Release|Any CPU.ActiveCfg = Release|Any CPU
		{1F7484AE-90E9-4424-900B-68B7338215DA}.Release|Any CPU.Build.0 = Release|Any CPU
	EndGlobalSection
EndGlobal
