
Microsoft Visual Studio Solution File, Format Version 12.00
# Visual Studio 15
Project("{FAE04EC0-301F-11D3-BF4B-00C04F79EFBC}") = "StringFormatting", "StringFormatting.csproj", "{AFDF5645-2B8E-4860-9ADD-B792DCBFEBF6}"
EndProject
Global
	GlobalSection(SolutionConfigurationPlatforms) = preSolution
		Debug|Any CPU = Debug|Any CPU
		Release|Any CPU = Release|Any CPU
	EndGlobalSection
	GlobalSection(ProjectConfigurationPlatforms) = postSolution
		{AFDF5645-2B8E-4860-9ADD-B792DCBFEBF6}.Debug|Any CPU.ActiveCfg = Debug|Any CPU
		{AFDF5645-2B8E-4860-9ADD-B792DCBFEBF6}.Debug|Any CPU.Build.0 = Debug|Any CPU
		{AFDF5645-2B8E-4860-9ADD-B792DCBFEBF6}.Release|Any CPU.ActiveCfg = Release|Any CPU
		{AFDF5645-2B8E-4860-9ADD-B792DCBFEBF6}.Release|Any CPU.Build.0 = Release|Any CPU
	EndGlobalSection
EndGlobal
